
Microsoft Visual Studio Solution File, Format Version 12.00
# Visual Studio 15
VisualStudioVersion = 15.0.28307.645
MinimumVisualStudioVersion = 10.0.40219.1
Project("{FAE04EC0-301F-11D3-BF4B-00C04F79EFBC}") = "Re_TTSCat", "Re_TTSCat\Re_TTSCat.csproj", "{B4D36327-410A-4192-B0A0-EC4FF5784817}"
EndProject
Global
	GlobalSection(SolutionConfigurationPlatforms) = preSolution
		Debug|Any CPU = Debug|Any CPU
		Release|Any CPU = Release|Any CPU
	EndGlobalSection
	GlobalSection(ProjectConfigurationPlatforms) = postSolution
		{B4D36327-410A-4192-B0A0-EC4FF5784817}.Debug|Any CPU.ActiveCfg = Debug|Any CPU
		{B4D36327-410A-4192-B0A0-EC4FF5784817}.Debug|Any CPU.Build.0 = Debug|Any CPU
		{B4D36327-410A-4192-B0A0-EC4FF5784817}.Release|Any CPU.ActiveCfg = Release|Any CPU
		{B4D36327-410A-4192-B0A0-EC4FF5784817}.Release|Any CPU.Build.0 = Release|Any CPU
	EndGlobalSection
	GlobalSection(SolutionProperties) = preSolution
		HideSolutionNode = FALSE
	EndGlobalSection
	GlobalSection(ExtensibilityGlobals) = postSolution
		SolutionGuid = {93F07F7D-946B-4379-9096-6DA98EA35923}
	EndGlobalSection
EndGlobal
